Microsoft Visual Studio Solution File, Format Version 11.00
# Visual Studio 2008

Project("{7ACDF85C-69CC-3C53-0545-6A293524386E}") = "Hidden", "Assembly-CSharp.csproj", "{88628415-0D42-41B0-6C59-A887A5A0AA07}"
EndProject
Global
	GlobalSection(SolutionConfigurationPlatforms) = preSolution
		Debug|Any CPU = Debug|Any CPU
		Release|Any CPU = Release|Any CPU
	EndGlobalSection
	GlobalSection(ProjectConfigurationPlatforms) = postSolution
		{88628415-0D42-41B0-6C59-A887A5A0AA07}.Debug|Any CPU.ActiveCfg = Debug|Any CPU
		{88628415-0D42-41B0-6C59-A887A5A0AA07}.Debug|Any CPU.Build.0 = Debug|Any CPU
		{88628415-0D42-41B0-6C59-A887A5A0AA07}.Release|Any CPU.ActiveCfg = Release|Any CPU
		{88628415-0D42-41B0-6C59-A887A5A0AA07}.Release|Any CPU.Build.0 = Release|Any CPU
	EndGlobalSection
	GlobalSection(SolutionProperties) = preSolution
		HideSolutionNode = FALSE
	EndGlobalSection
	GlobalSection(MonoDevelopProperties) = preSolution
		StartupItem = Assembly-CSharp.csproj
	EndGlobalSection
EndGlobal
